
Microsoft Visual Studio Solution File, Format Version 12.00
# Visual Studio Version 17
VisualStudioVersion = 17.9.34728.123
MinimumVisualStudioVersion = 10.0.40219.1
Project("{9A19103F-16F7-4668-BE54-9A1E7A4F7556}") = "ObdulioYTienda", "ObdulioYTienda\ObdulioYTienda.csproj", "{CABE3C39-C87F-409C-9A89-F1873E29B190}"
EndProject
Project("{FAE04EC0-301F-11D3-BF4B-00C04F79EFBC}") = "Musica001", "Musica001\Musica001.csproj", "{E1F62F90-5EC6-4757-8FC0-C0A63BFBA8DA}"
EndProject
Global
	GlobalSection(SolutionConfigurationPlatforms) = preSolution
		Debug|Any CPU = Debug|Any CPU
		Release|Any CPU = Release|Any CPU
	EndGlobalSection
	GlobalSection(ProjectConfigurationPlatforms) = postSolution
		{CABE3C39-C87F-409C-9A89-F1873E29B190}.Debug|Any CPU.ActiveCfg = Debug|Any CPU
		{CABE3C39-C87F-409C-9A89-F1873E29B190}.Debug|Any CPU.Build.0 = Debug|Any CPU
		{CABE3C39-C87F-409C-9A89-F1873E29B190}.Release|Any CPU.ActiveCfg = Release|Any CPU
		{CABE3C39-C87F-409C-9A89-F1873E29B190}.Release|Any CPU.Build.0 = Release|Any CPU
		{E1F62F90-5EC6-4757-8FC0-C0A63BFBA8DA}.Debug|Any CPU.ActiveCfg = Debug|Any CPU
		{E1F62F90-5EC6-4757-8FC0-C0A63BFBA8DA}.Debug|Any CPU.Build.0 = Debug|Any CPU
		{E1F62F90-5EC6-4757-8FC0-C0A63BFBA8DA}.Release|Any CPU.ActiveCfg = Release|Any CPU
		{E1F62F90-5EC6-4757-8FC0-C0A63BFBA8DA}.Release|Any CPU.Build.0 = Release|Any CPU
	EndGlobalSection
	GlobalSection(SolutionProperties) = preSolution
		HideSolutionNode = FALSE
	EndGlobalSection
	GlobalSection(ExtensibilityGlobals) = postSolution
		SolutionGuid = {CEE1BF3D-9E04-4B92-9E56-D6F0996C10E8}
	EndGlobalSection
EndGlobal
